// !$*UTF8*$!
{
	archiveVersion = 1;
	classes = {
	};
	objectVersion = 55;
	objects = {

/* Begin PBXBuildFile section */
		A40B26B7284CF9470033838C /* AppDelegate.swift in Sources */ = {isa = PBXBuildFile; fileRef = A40B26B6284CF9470033838C /* AppDelegate.swift */; };
		A40B26B9284CF9470033838C /* SceneDelegate.swift in Sources */ = {isa = PBXBuildFile; fileRef = A40B26B8284CF9470033838C /* SceneDelegate.swift */; };
		A40B26BB284CF9470033838C /* ViewController.swift in Sources */ = {isa = PBXBuildFile; fileRef = A40B26BA284CF9470033838C /* ViewController.swift */; };
		A40B26BE284CF9470033838C /* Main.storyboard in Resources */ = {isa = PBXBuildFile; fileRef = A40B26BC284CF9470033838C /* Main.storyboard */; };
		A40B26C1284CF9470033838C /* White_and_Fluffy_by_Vadim_Novikov.xcdatamodeld in Sources */ = {isa = PBXBuildFile; fileRef = A40B26BF284CF9470033838C /* White_and_Fluffy_by_Vadim_Novikov.xcdatamodeld */; };
		A40B26C3284CF9480033838C /* Assets.xcassets in Resources */ = {isa = PBXBuildFile; fileRef = A40B26C2284CF9480033838C /* Assets.xcassets */; };
		A40B26C6284CF9480033838C /* LaunchScreen.storyboard in Resources */ = {isa = PBXBuildFile; fileRef = A40B26C4284CF9480033838C /* LaunchScreen.storyboard */; };
/* End PBXBuildFile section */

/* Begin PBXFileReference section */
		A40B26B3284CF9470033838C /* White and Fluffy by Vadim Novikov.app */ = {isa = PBXFileReference; explicitFileType = wrapper.application; includeInIndex = 0; path = "White and Fluffy by Vadim Novikov.app"; sourceTree = BUILT_PRODUCTS_DIR; };
		A40B26B6284CF9470033838C /* AppDelegate.swift */ = {isa = PBXFileReference; lastKnownFileType = sourcecode.swift; path = AppDelegate.swift; sourceTree = "<group>"; };
		A40B26B8284CF9470033838C /* SceneDelegate.swift */ = {isa = PBXFileReference; lastKnownFileType = sourcecode.swift; path = SceneDelegate.swift; sourceTree = "<group>"; };
		A40B26BA284CF9470033838C /* ViewController.swift */ = {isa = PBXFileReference; lastKnownFileType = sourcecode.swift; path = ViewController.swift; sourceTree = "<group>"; };
		A40B26BD284CF9470033838C /* Base */ = {isa = PBXFileReference; lastKnownFileType = file.storyboard; name = Base; path = Base.lproj/Main.storyboard; sourceTree = "<group>"; };
		A40B26C0284CF9470033838C /* White_and_Fluffy_by_Vadim_Novikov.xcdatamodel */ = {isa = PBXFileReference; lastKnownFileType = wrapper.xcdatamodel; path = White_and_Fluffy_by_Vadim_Novikov.xcdatamodel; sourceTree = "<group>"; };
		A40B26C2284CF9480033838C /* Assets.xcassets */ = {isa = PBXFileReference; lastKnownFileType = folder.assetcatalog; path = Assets.xcassets; sourceTree = "<group>"; };
		A40B26C5284CF9480033838C /* Base */ = {isa = PBXFileReference; lastKnownFileType = file.storyboard; name = Base; path = Base.lproj/LaunchScreen.storyboard; sourceTree = "<group>"; };
		A40B26C7284CF9480033838C /* Info.plist */ = {isa = PBXFileReference; lastKnownFileType = text.plist.xml; path = Info.plist; sourceTree = "<group>"; };
/* End PBXFileReference section */

/* Begin PBXFrameworksBuildPhase section */
		A40B26B0284CF9470033838C /* Frameworks */ = {
			isa = PBXFrameworksBuildPhase;
			buildActionMask = 2147483647;
			files = (
			);
			runOnlyForDeploymentPostprocessing = 0;
		};
/* End PBXFrameworksBuildPhase section */

/* Begin PBXGroup section */
		A40B26AA284CF9470033838C = {
			isa = PBXGroup;
			children = (
				A40B26B5284CF9470033838C /* White and Fluffy by Vadim Novikov */,
				A40B26B4284CF9470033838C /* Products */,
			);
			sourceTree = "<group>";
		};
		A40B26B4284CF9470033838C /* Products */ = {
			isa = PBXGroup;
			children = (
				A40B26B3284CF9470033838C /* White and Fluffy by Vadim Novikov.app */,
			);
			name = Products;
			sourceTree = "<group>";
		};
		A40B26B5284CF9470033838C /* White and Fluffy by Vadim Novikov */ = {
			isa = PBXGroup;
			children = (
				A40B26B6284CF9470033838C /* AppDelegate.swift */,
				A40B26B8284CF9470033838C /* SceneDelegate.swift */,
				A40B26BA284CF9470033838C /* ViewController.swift */,
				A40B26BC284CF9470033838C /* Main.storyboard */,
				A40B26C2284CF9480033838C /* Assets.xcassets */,
				A40B26C4284CF9480033838C /* LaunchScreen.storyboard */,
				A40B26C7284CF9480033838C /* Info.plist */,
				A40B26BF284CF9470033838C /* White_and_Fluffy_by_Vadim_Novikov.xcdatamodeld */,
			);
			path = "White and Fluffy by Vadim Novikov";
			sourceTree = "<group>";
		};
/* End PBXGroup section */

/* Begin PBXNativeTarget section */
		A40B26B2284CF9470033838C /* White and Fluffy by Vadim Novikov */ = {
			isa = PBXNativeTarget;
			buildConfigurationList = A40B26CA284CF9480033838C /* Build configuration list for PBXNativeTarget "White and Fluffy by Vadim Novikov" */;
			buildPhases = (
				A40B26AF284CF9470033838C /* Sources */,
				A40B26B0284CF9470033838C /* Frameworks */,
				A40B26B1284CF9470033838C /* Resources */,
			);
			buildRules = (
			);
			dependencies = (
			);
			name = "White and Fluffy by Vadim Novikov";
			productName = "White and Fluffy by Vadim Novikov";
			productReference = A40B26B3284CF9470033838C /* White and Fluffy by Vadim Novikov.app */;
			productType = "com.apple.product-type.application";
		};
/* End PBXNativeTarget section */

/* Begin PBXProject section */
		A40B26AB284CF9470033838C /* Project object */ = {
			isa = PBXProject;
			attributes = {
				BuildIndependentTargetsInParallel = 1;
				LastSwiftUpdateCheck = 1340;
				LastUpgradeCheck = 1340;
				TargetAttributes = {
					A40B26B2284CF9470033838C = {
						CreatedOnToolsVersion = 13.4.1;
					};
				};
			};
			buildConfigurationList = A40B26AE284CF9470033838C /* Build configuration list for PBXProject "White and Fluffy by Vadim Novikov" */;
			compatibilityVersion = "Xcode 13.0";
			developmentRegion = en;
			hasScannedForEncodings = 0;
			knownRegions = (
				en,
				Base,
			);
			mainGroup = A40B26AA284CF9470033838C;
			productRefGroup = A40B26B4284CF9470033838C /* Products */;
			projectDirPath = "";
			projectRoot = "";
			targets = (
				A40B26B2284CF9470033838C /* White and Fluffy by Vadim Novikov */,
			);
		};
/* End PBXProject section */

/* Begin PBXResourcesBuildPhase section */
		A40B26B1284CF9470033838C /* Resources */ = {
			isa = PBXResourcesBuildPhase;
			buildActionMask = 2147483647;
			files = (
				A40B26C6284CF9480033838C /* LaunchScreen.storyboard in Resources */,
				A40B26C3284CF9480033838C /* Assets.xcassets in Resources */,
				A40B26BE284CF9470033838C /* Main.storyboard in Resources */,
			);
			runOnlyForDeploymentPostprocessing = 0;
		};
/* End PBXResourcesBuildPhase section */

/* Begin PBXSourcesBuildPhase section */
		A40B26AF284CF9470033838C /* Sources */ = {
			isa = PBXSourcesBuildPhase;
			buildActionMask = 2147483647;
			files = (
				A40B26BB284CF9470033838C /* ViewController.swift in Sources */,
				A40B26C1284CF9470033838C /* White_and_Fluffy_by_Vadim_Novikov.xcdatamodeld in Sources */,
				A40B26B7284CF9470033838C /* AppDelegate.swift in Sources */,
				A40B26B9284CF9470033838C /* SceneDelegate.swift in Sources */,
			);
			runOnlyForDeploymentPostprocessing = 0;
		};
/* End PBXSourcesBuildPhase section */

/* Begin PBXVariantGroup section */
		A40B26BC284CF9470033838C /* Main.storyboard */ = {
			isa = PBXVariantGroup;
			children = (
				A40B26BD284CF9470033838C /* Base */,
			);
			name = Main.storyboard;
			sourceTree = "<group>";
		};
		A40B26C4284CF9480033838C /* LaunchScreen.storyboard */ = {
			isa = PBXVariantGroup;
			children = (
				A40B26C5284CF9480033838C /* Base */,
			);
			name = LaunchScreen.storyboard;
			sourceTree = "<group>";
		};
/* End PBXVariantGroup section */

/* Begin XCBuildConfiguration section */
		A40B26C8284CF9480033838C /* Debug */ = {
			isa = XCBuildConfiguration;
			buildSettings = {
				ALWAYS_SEARCH_USER_PATHS = NO;
				CLANG_ANALYZER_NONNULL = YES;
				CLANG_ANALYZER_NUMBER_OBJECT_CONVERSION = YES_AGGRESSIVE;
				CLANG_CXX_LANGUAGE_STANDARD = "gnu++17";
				CLANG_ENABLE_MODULES = YES;
				CLANG_ENABLE_OBJC_ARC = YES;
				CLANG_ENABLE_OBJC_WEAK = YES;
				CLANG_WARN_BLOCK_CAPTURE_AUTORELEASING = YES;
				CLANG_WARN_BOOL_CONVERSION = YES;
				CLANG_WARN_COMMA = YES;
				CLANG_WARN_CONSTANT_CONVERSION = YES;
				CLANG_WARN_DEPRECATED_OBJC_IMPLEMENTATIONS = YES;
				CLANG_WARN_DIRECT_OBJC_ISA_USAGE = YES_ERROR;
				CLANG_WARN_DOCUMENTATION_COMMENTS = YES;
				CLANG_WARN_EMPTY_BODY = YES;
				CLANG_WARN_ENUM_CONVERSION = YES;
				CLANG_WARN_INFINITE_RECURSION = YES;
				CLANG_WARN_INT_CONVERSION = YES;
				CLANG_WARN_NON_LITERAL_NULL_CONVERSION = YES;
				CLANG_WARN_OBJC_IMPLICIT_RETAIN_SELF = YES;
				CLANG_WARN_OBJC_LITERAL_CONVERSION = YES;
				CLANG_WARN_OBJC_ROOT_CLASS = YES_ERROR;
				CLANG_WARN_QUOTED_INCLUDE_IN_FRAMEWORK_HEADER = YES;
				CLANG_WARN_RANGE_LOOP_ANALYSIS = YES;
				CLANG_WARN_STRICT_PROTOTYPES = YES;
				CLANG_WARN_SUSPICIOUS_MOVE = YES;
				CLANG_WARN_UNGUARDED_AVAILABILITY = YES_AGGRESSIVE;
				CLANG_WARN_UNREACHABLE_CODE = YES;
				CLANG_WARN__DUPLICATE_METHOD_MATCH = YES;
				COPY_PHASE_STRIP = NO;
				DEBUG_INFORMATION_FORMAT = dwarf;
				ENABLE_STRICT_OBJC_MSGSEND = YES;
				ENABLE_TESTABILITY = YES;
				GCC_C_LANGUAGE_STANDARD = gnu11;
				GCC_DYNAMIC_NO_PIC = NO;
				GCC_NO_COMMON_BLOCKS = YES;
				GCC_OPTIMIZATION_LEVEL = 0;
				GCC_PREPROCESSOR_DEFINITIONS = (
					"DEBUG=1",
					"$(inherited)",
				);
				GCC_WARN_64_TO_32_BIT_CONVERSION = YES;
				GCC_WARN_ABOUT_RETURN_TYPE = YES_ERROR;
				GCC_WARN_UNDECLARED_SELECTOR = YES;
				GCC_WARN_UNINITIALIZED_AUTOS = YES_AGGRESSIVE;
				GCC_WARN_UNUSED_FUNCTION = YES;
				GCC_WARN_UNUSED_VARIABLE = YES;
				IPHONEOS_DEPLOYMENT_TARGET = 15.5;
				MTL_ENABLE_DEBUG_INFO = INCLUDE_SOURCE;
				MTL_FAST_MATH = YES;
				ONLY_ACTIVE_ARCH = YES;
				SDKROOT = iphoneos;
				SWIFT_ACTIVE_COMPILATION_CONDITIONS = DEBUG;
				SWIFT_OPTIMIZATION_LEVEL = "-Onone";
			};
			name = Debug;
		};
		A40B26C9284CF9480033838C /* Release */ = {
			isa = XCBuildConfiguration;
			buildSettings = {
				ALWAYS_SEARCH_USER_PATHS = NO;
				CLANG_ANALYZER_NONNULL = YES;
				CLANG_ANALYZER_NUMBER_OBJECT_CONVERSION = YES_AGGRESSIVE;
				CLANG_CXX_LANGUAGE_STANDARD = "gnu++17";
				CLANG_ENABLE_MODULES = YES;
				CLANG_ENABLE_OBJC_ARC = YES;
				CLANG_ENABLE_OBJC_WEAK = YES;
				CLANG_WARN_BLOCK_CAPTURE_AUTORELEASING = YES;
				CLANG_WARN_BOOL_CONVERSION = YES;
				CLANG_WARN_COMMA = YES;
				CLANG_WARN_CONSTANT_CONVERSION = YES;
				CLANG_WARN_DEPRECATED_OBJC_IMPLEMENTATIONS = YES;
				CLANG_WARN_DIRECT_OBJC_ISA_USAGE = YES_ERROR;
				CLANG_WARN_DOCUMENTATION_COMMENTS = YES;
				CLANG_WARN_EMPTY_BODY = YES;
				CLANG_WARN_ENUM_CONVERSION = YES;
				CLANG_WARN_INFINITE_RECURSION = YES;
				CLANG_WARN_INT_CONVERSION = YES;
				CLANG_WARN_NON_LITERAL_NULL_CONVERSION = YES;
				CLANG_WARN_OBJC_IMPLICIT_RETAIN_SELF = YES;
				CLANG_WARN_OBJC_LITERAL_CONVERSION = YES;
				CLANG_WARN_OBJC_ROOT_CLASS = YES_ERROR;
				CLANG_WARN_QUOTED_INCLUDE_IN_FRAMEWORK_HEADER = YES;
				CLANG_WARN_RANGE_LOOP_ANALYSIS = YES;
				CLANG_WARN_STRICT_PROTOTYPES = YES;
				CLANG_WARN_SUSPICIOUS_MOVE = YES;
				CLANG_WARN_UNGUARDED_AVAILABILITY = YES_AGGRESSIVE;
				CLANG_WARN_UNREACHABLE_CODE = YES;
				CLANG_WARN__DUPLICATE_METHOD_MATCH = YES;
				COPY_PHASE_STRIP = NO;
				DEBUG_INFORMATION_FORMAT = "dwarf-with-dsym";
				ENABLE_NS_ASSERTIONS = NO;
				ENABLE_STRICT_OBJC_MSGSEND = YES;
				GCC_C_LANGUAGE_STANDARD = gnu11;
				GCC_NO_COMMON_BLOCKS = YES;
				GCC_WARN_64_TO_32_BIT_CONVERSION = YES;
				GCC_WARN_ABOUT_RETURN_TYPE = YES_ERROR;
				GCC_WARN_UNDECLARED_SELECTOR = YES;
				GCC_WARN_UNINITIALIZED_AUTOS = YES_AGGRESSIVE;
				GCC_WARN_UNUSED_FUNCTION = YES;
				GCC_WARN_UNUSED_VARIABLE = YES;
				IPHONEOS_DEPLOYMENT_TARGET = 15.5;
				MTL_ENABLE_DEBUG_INFO = NO;
				MTL_FAST_MATH = YES;
				SDKROOT = iphoneos;
				SWIFT_COMPILATION_MODE = wholemodule;
				SWIFT_OPTIMIZATION_LEVEL = "-O";
				VALIDATE_PRODUCT = YES;
			};
			name = Release;
		};
		A40B26CB284CF9480033838C /* Debug */ = {
			isa = XCBuildConfiguration;
			buildSettings = {
				ASSETCATALOG_COMPILER_APPICON_NAME = AppIcon;
				ASSETCATALOG_COMPILER_GLOBAL_ACCENT_COLOR_NAME = AccentColor;
				CODE_SIGN_STYLE = Automatic;
				CURRENT_PROJECT_VERSION = 1;
				DEVELOPMENT_TEAM = J625CSNR76;
				GENERATE_INFOPLIST_FILE = YES;
				INFOPLIST_FILE = "White and Fluffy by Vadim Novikov/Info.plist";
				INFOPLIST_KEY_UIApplicationSupportsIndirectInputEvents = YES;
				INFOPLIST_KEY_UILaunchStoryboardName = LaunchScreen;
				INFOPLIST_KEY_UIMainStoryboardFile = Main;
				INFOPLIST_KEY_UISupportedInterfaceOrientations_iPad = "UIInterfaceOrientationPortrait UIInterfaceOrientationPortraitUpsideDown UIInterfaceOrientationLandscapeLeft UIInterfaceOrientationLandscapeRight";
				INFOPLIST_KEY_UISupportedInterfaceOrientations_iPhone = "UIInterfaceOrientationPortrait UIInterfaceOrientationLandscapeLeft UIInterfaceOrientationLandscapeRight";
				LD_RUNPATH_SEARCH_PATHS = (
					"$(inherited)",
					"@executable_path/Frameworks",
				);
				MARKETING_VERSION = 1.0;
				PRODUCT_BUNDLE_IDENTIFIER = "it-novikov.White-and-Fluffy-by-Vadim-Novikov";
				PRODUCT_NAME = "$(TARGET_NAME)";
				SWIFT_EMIT_LOC_STRINGS = YES;
				SWIFT_VERSION = 5.0;
				TARGETED_DEVICE_FAMILY = "1,2";
			};
			name = Debug;
		};
		A40B26CC284CF9480033838C /* Release */ = {
			isa = XCBuildConfiguration;
			buildSettings = {
				ASSETCATALOG_COMPILER_APPICON_NAME = AppIcon;
				ASSETCATALOG_COMPILER_GLOBAL_ACCENT_COLOR_NAME = AccentColor;
				CODE_SIGN_STYLE = Automatic;
				CURRENT_PROJECT_VERSION = 1;
				DEVELOPMENT_TEAM = J625CSNR76;
				GENERATE_INFOPLIST_FILE = YES;
				INFOPLIST_FILE = "White and Fluffy by Vadim Novikov/Info.plist";
				INFOPLIST_KEY_UIApplicationSupportsIndirectInputEvents = YES;
				INFOPLIST_KEY_UILaunchStoryboardName = LaunchScreen;
				INFOPLIST_KEY_UIMainStoryboardFile = Main;
				INFOPLIST_KEY_UISupportedInterfaceOrientations_iPad = "UIInterfaceOrientationPortrait UIInterfaceOrientationPortraitUpsideDown UIInterfaceOrientationLandscapeLeft UIInterfaceOrientationLandscapeRight";
				INFOPLIST_KEY_UISupportedInterfaceOrientations_iPhone = "UIInterfaceOrientationPortrait UIInterfaceOrientationLandscapeLeft UIInterfaceOrientationLandscapeRight";
				LD_RUNPATH_SEARCH_PATHS = (
					"$(inherited)",
					"@executable_path/Frameworks",
				);
				MARKETING_VERSION = 1.0;
				PRODUCT_BUNDLE_IDENTIFIER = "it-novikov.White-and-Fluffy-by-Vadim-Novikov";
				PRODUCT_NAME = "$(TARGET_NAME)";
				SWIFT_EMIT_LOC_STRINGS = YES;
				SWIFT_VERSION = 5.0;
				TARGETED_DEVICE_FAMILY = "1,2";
			};
			name = Release;
		};
/* End XCBuildConfiguration section */

/* Begin XCConfigurationList section */
		A40B26AE284CF9470033838C /* Build configuration list for PBXProject "White and Fluffy by Vadim Novikov" */ = {
			isa = XCConfigurationList;
			buildConfigurations = (
				A40B26C8284CF9480033838C /* Debug */,
				A40B26C9284CF9480033838C /* Release */,
			);
			defaultConfigurationIsVisible = 0;
			defaultConfigurationName = Release;
		};
		A40B26CA284CF9480033838C /* Build configuration list for PBXNativeTarget "White and Fluffy by Vadim Novikov" */ = {
			isa = XCConfigurationList;
			buildConfigurations = (
				A40B26CB284CF9480033838C /* Debug */,
				A40B26CC284CF9480033838C /* Release */,
			);
			defaultConfigurationIsVisible = 0;
			defaultConfigurationName = Release;
		};
/* End XCConfigurationList section */

/* Begin XCVersionGroup section */
		A40B26BF284CF9470033838C /* White_and_Fluffy_by_Vadim_Novikov.xcdatamodeld */ = {
			isa = XCVersionGroup;
			children = (
				A40B26C0284CF9470033838C /* White_and_Fluffy_by_Vadim_Novikov.xcdatamodel */,
			);
			currentVersion = A40B26C0284CF9470033838C /* White_and_Fluffy_by_Vadim_Novikov.xcdatamodel */;
			path = White_and_Fluffy_by_Vadim_Novikov.xcdatamodeld;
			sourceTree = "<group>";
			versionGroupType = wrapper.xcdatamodel;
		};
/* End XCVersionGroup section */
	};
	rootObject = A40B26AB284CF9470033838C /* Project object */;
}
